
Microsoft Visual Studio Solution File, Format Version 12.00
# Visual Studio 15
VisualStudioVersion = 15.0.28307.271
MinimumVisualStudioVersion = 10.0.40219.1
Project("{FAE04EC0-301F-11D3-BF4B-00C04F79EFBC}") = "Advanced RkPrSs", "Advanced RkPrSs\Advanced RkPrSs.csproj", "{D0630B9E-996C-4900-B2DA-D2D0113913CA}"
EndProject
Global
	GlobalSection(SolutionConfigurationPlatforms) = preSolution
		Debug|Any CPU = Debug|Any CPU
		Release|Any CPU = Release|Any CPU
	EndGlobalSection
	GlobalSection(ProjectConfigurationPlatforms) = postSolution
		{D0630B9E-996C-4900-B2DA-D2D0113913CA}.Debug|Any CPU.ActiveCfg = Debug|Any CPU
		{D0630B9E-996C-4900-B2DA-D2D0113913CA}.Debug|Any CPU.Build.0 = Debug|Any CPU
		{D0630B9E-996C-4900-B2DA-D2D0113913CA}.Release|Any CPU.ActiveCfg = Release|Any CPU
		{D0630B9E-996C-4900-B2DA-D2D0113913CA}.Release|Any CPU.Build.0 = Release|Any CPU
	EndGlobalSection
	GlobalSection(SolutionProperties) = preSolution
		HideSolutionNode = FALSE
	EndGlobalSection
	GlobalSection(ExtensibilityGlobals) = postSolution
		SolutionGuid = {F6B5BF40-2EA0-4681-9547-F16EF13035D3}
	EndGlobalSection
EndGlobal
